// !$*UTF8*$!
{
	archiveVersion = 1;
	classes = {
	};
	objectVersion = 50;
	objects = {

/* Begin PBXBuildFile section */
		C436645D238029A100398C3B /* MainPageTitle.swift in Sources */ = {isa = PBXBuildFile; fileRef = C436645C238029A100398C3B /* MainPageTitle.swift */; };
		C436645F238033F700398C3B /* MainPageMovieStarPresentation.swift in Sources */ = {isa = PBXBuildFile; fileRef = C436645E238033F700398C3B /* MainPageMovieStarPresentation.swift */; };
		C43664612380377700398C3B /* moviestar2.json in Resources */ = {isa = PBXBuildFile; fileRef = C43664602380377700398C3B /* moviestar2.json */; };
		C43664662380411100398C3B /* PopularTrailerCellContracts.swift in Sources */ = {isa = PBXBuildFile; fileRef = C43664652380411100398C3B /* PopularTrailerCellContracts.swift */; };
		C43664682380412600398C3B /* PopularTrailerCellViewModel.swift in Sources */ = {isa = PBXBuildFile; fileRef = C43664672380412600398C3B /* PopularTrailerCellViewModel.swift */; };
		C436646A238062E500398C3B /* PopularTrailerDTO.swift in Sources */ = {isa = PBXBuildFile; fileRef = C4366469238062E500398C3B /* PopularTrailerDTO.swift */; };
		C436646D238063A600398C3B /* PopularTrailerCellResponse.swift in Sources */ = {isa = PBXBuildFile; fileRef = C436646C238063A600398C3B /* PopularTrailerCellResponse.swift */; };
		C43664722380666700398C3B /* populartrailer1.json in Resources */ = {isa = PBXBuildFile; fileRef = C43664712380666700398C3B /* populartrailer1.json */; };
		C436647423806B3900398C3B /* MainPagePopularTrailerCellPresentation.swift in Sources */ = {isa = PBXBuildFile; fileRef = C436647323806B3900398C3B /* MainPagePopularTrailerCellPresentation.swift */; };
		C436647623806C1200398C3B /* MainPagePopularTrailerPresentation.swift in Sources */ = {isa = PBXBuildFile; fileRef = C436647523806C1200398C3B /* MainPagePopularTrailerPresentation.swift */; };
		C436647823806E8E00398C3B /* RowDTO.swift in Sources */ = {isa = PBXBuildFile; fileRef = C436647723806E8E00398C3B /* RowDTO.swift */; };
		C436647A2380702A00398C3B /* PopularTrailerTableViewCell.swift in Sources */ = {isa = PBXBuildFile; fileRef = C43664792380702A00398C3B /* PopularTrailerTableViewCell.swift */; };
		C436647D238078AE00398C3B /* PopularTrailerCollectionViewCell.swift in Sources */ = {isa = PBXBuildFile; fileRef = C436647C238078AE00398C3B /* PopularTrailerCollectionViewCell.swift */; };
		C440C01C237CA1C300AA1651 /* MovieStarCollectionViewCell.swift in Sources */ = {isa = PBXBuildFile; fileRef = C440C01B237CA1C300AA1651 /* MovieStarCollectionViewCell.swift */; };
		C440C01E237CA2D200AA1651 /* MovieStarDTO.swift in Sources */ = {isa = PBXBuildFile; fileRef = C440C01D237CA2D200AA1651 /* MovieStarDTO.swift */; };
		C440C020237CA33400AA1651 /* MovieStarCellResponse.swift in Sources */ = {isa = PBXBuildFile; fileRef = C440C01F237CA33400AA1651 /* MovieStarCellResponse.swift */; };
		C440C022237CA7E100AA1651 /* moviestar1.json in Resources */ = {isa = PBXBuildFile; fileRef = C440C021237CA7E100AA1651 /* moviestar1.json */; };
		C440C024237DF42C00AA1651 /* MainPageMovieStarCellPresentation.swift in Sources */ = {isa = PBXBuildFile; fileRef = C440C023237DF42C00AA1651 /* MainPageMovieStarCellPresentation.swift */; };
		C47567C3236CE0C4001AB870 /* rows.json in Resources */ = {isa = PBXBuildFile; fileRef = C47567C2236CE0C4001AB870 /* rows.json */; };
		C47567C5236DB830001AB870 /* suggestion1.json in Resources */ = {isa = PBXBuildFile; fileRef = C47567C4236DB830001AB870 /* suggestion1.json */; };
		C47567C7236DB939001AB870 /* suggestion2.json in Resources */ = {isa = PBXBuildFile; fileRef = C47567C6236DB939001AB870 /* suggestion2.json */; };
		C47567C9236DB98B001AB870 /* suggestion3.json in Resources */ = {isa = PBXBuildFile; fileRef = C47567C8236DB98B001AB870 /* suggestion3.json */; };
		C47567CB236DB9A8001AB870 /* category1.json in Resources */ = {isa = PBXBuildFile; fileRef = C47567CA236DB9A8001AB870 /* category1.json */; };
		C47567CD236DB9E8001AB870 /* category2.json in Resources */ = {isa = PBXBuildFile; fileRef = C47567CC236DB9E8001AB870 /* category2.json */; };
		C47567CF236DB9F0001AB870 /* category3.json in Resources */ = {isa = PBXBuildFile; fileRef = C47567CE236DB9F0001AB870 /* category3.json */; };
		C47567D1236DB9F6001AB870 /* category4.json in Resources */ = {isa = PBXBuildFile; fileRef = C47567D0236DB9F6001AB870 /* category4.json */; };
		C47567D3236DBA00001AB870 /* category5.json in Resources */ = {isa = PBXBuildFile; fileRef = C47567D2236DBA00001AB870 /* category5.json */; };
		C47567D5236ED966001AB870 /* MainPageRowCreator.swift in Sources */ = {isa = PBXBuildFile; fileRef = C47567D4236ED966001AB870 /* MainPageRowCreator.swift */; };
		C47567D7236EDF22001AB870 /* SuggestionCellViewModel.swift in Sources */ = {isa = PBXBuildFile; fileRef = C47567D6236EDF22001AB870 /* SuggestionCellViewModel.swift */; };
		C47567D9236EDF37001AB870 /* SuggestionCellContracts.swift in Sources */ = {isa = PBXBuildFile; fileRef = C47567D8236EDF37001AB870 /* SuggestionCellContracts.swift */; };
		C47567DB236EE174001AB870 /* MainPageCellViewModelProtocol.swift in Sources */ = {isa = PBXBuildFile; fileRef = C47567DA236EE174001AB870 /* MainPageCellViewModelProtocol.swift */; };
		C47567DD236EEE13001AB870 /* SuggestionCellResponse.swift in Sources */ = {isa = PBXBuildFile; fileRef = C47567DC236EEE13001AB870 /* SuggestionCellResponse.swift */; };
		C47567DF23721073001AB870 /* MovieDTO.swift in Sources */ = {isa = PBXBuildFile; fileRef = C47567DE23721073001AB870 /* MovieDTO.swift */; };
		C47567E2237211DD001AB870 /* CategoryCellResponse.swift in Sources */ = {isa = PBXBuildFile; fileRef = C47567E1237211DD001AB870 /* CategoryCellResponse.swift */; };
		C47567E5237212F0001AB870 /* JsonService.swift in Sources */ = {isa = PBXBuildFile; fileRef = C47567E4237212F0001AB870 /* JsonService.swift */; };
		C47625402379EF3100557009 /* MainPageCategoryCellPresentation.swift in Sources */ = {isa = PBXBuildFile; fileRef = C476253F2379EF3100557009 /* MainPageCategoryCellPresentation.swift */; };
		C4762543237C99BE00557009 /* MovieStarCellContracts.swift in Sources */ = {isa = PBXBuildFile; fileRef = C4762542237C99BE00557009 /* MovieStarCellContracts.swift */; };
		C4762545237C99CF00557009 /* MovieStarCellViewModel.swift in Sources */ = {isa = PBXBuildFile; fileRef = C4762544237C99CF00557009 /* MovieStarCellViewModel.swift */; };
		C4762547237C9DA100557009 /* MovieStarTableViewCell.swift in Sources */ = {isa = PBXBuildFile; fileRef = C4762546237C9DA000557009 /* MovieStarTableViewCell.swift */; };
		C4816DF42387348E00AC4EDD /* MainPageViewModelTests.swift in Sources */ = {isa = PBXBuildFile; fileRef = C4816DF32387348E00AC4EDD /* MainPageViewModelTests.swift */; };
		C4893F8E23467D570043ED64 /* movies.json in Resources */ = {isa = PBXBuildFile; fileRef = C4893F8D23467D570043ED64 /* movies.json */; };
		C4893F9223468AB00043ED64 /* MainPageResponse.swift in Sources */ = {isa = PBXBuildFile; fileRef = C4893F9123468AB00043ED64 /* MainPageResponse.swift */; };
		C4948592233A990C003596BC /* UIImageView.swift in Sources */ = {isa = PBXBuildFile; fileRef = C4948591233A990C003596BC /* UIImageView.swift */; };
		C4B9A67E22F9F545004B8693 /* AppDelegate.swift in Sources */ = {isa = PBXBuildFile; fileRef = C4B9A67D22F9F545004B8693 /* AppDelegate.swift */; };
		C4B9A68522F9F547004B8693 /* Assets.xcassets in Resources */ = {isa = PBXBuildFile; fileRef = C4B9A68422F9F547004B8693 /* Assets.xcassets */; };
		C4B9A68822F9F547004B8693 /* LaunchScreen.storyboard in Resources */ = {isa = PBXBuildFile; fileRef = C4B9A68622F9F547004B8693 /* LaunchScreen.storyboard */; };
		C4B9A6A022F9F959004B8693 /* MainPageViewController.swift in Sources */ = {isa = PBXBuildFile; fileRef = C4B9A69F22F9F959004B8693 /* MainPageViewController.swift */; };
		C4B9A6A222F9F96E004B8693 /* MainPageViewModel.swift in Sources */ = {isa = PBXBuildFile; fileRef = C4B9A6A122F9F96E004B8693 /* MainPageViewModel.swift */; };
		C4B9A6A422F9F995004B8693 /* MainPage.storyboard in Resources */ = {isa = PBXBuildFile; fileRef = C4B9A6A322F9F995004B8693 /* MainPage.storyboard */; };
		C4B9A6A722FA0099004B8693 /* CategoryTableViewCell.swift in Sources */ = {isa = PBXBuildFile; fileRef = C4B9A6A622FA0099004B8693 /* CategoryTableViewCell.swift */; };
		C4B9A6A922FA016B004B8693 /* CategoryCollectionViewCell.swift in Sources */ = {isa = PBXBuildFile; fileRef = C4B9A6A822FA016B004B8693 /* CategoryCollectionViewCell.swift */; };
		C4B9A6AB22FA085F004B8693 /* MainPageBuilder.swift in Sources */ = {isa = PBXBuildFile; fileRef = C4B9A6AA22FA085F004B8693 /* MainPageBuilder.swift */; };
		C4B9A6AD22FC8FBD004B8693 /* MainPageContracts.swift in Sources */ = {isa = PBXBuildFile; fileRef = C4B9A6AC22FC8FBD004B8693 /* MainPageContracts.swift */; };
		C4B9A6AF22FCA1F1004B8693 /* CategoryCellContracts.swift in Sources */ = {isa = PBXBuildFile; fileRef = C4B9A6AE22FCA1F1004B8693 /* CategoryCellContracts.swift */; };
		C4B9A6B122FCA2CD004B8693 /* CategoryCellViewModel.swift in Sources */ = {isa = PBXBuildFile; fileRef = C4B9A6B022FCA2CD004B8693 /* CategoryCellViewModel.swift */; };
		C4B9A6B42305DAB0004B8693 /* MainPageMoviePresentation.swift in Sources */ = {isa = PBXBuildFile; fileRef = C4B9A6B32305DAB0004B8693 /* MainPageMoviePresentation.swift */; };
		C4E834DD2308977F001AA3E6 /* SuggestionTableViewCell.swift in Sources */ = {isa = PBXBuildFile; fileRef = C4E834DC2308977F001AA3E6 /* SuggestionTableViewCell.swift */; };
		C4E834DF230B31C1001AA3E6 /* ConfigureCell.swift in Sources */ = {isa = PBXBuildFile; fileRef = C4E834DE230B31C1001AA3E6 /* ConfigureCell.swift */; };
/* End PBXBuildFile section */

/* Begin PBXContainerItemProxy section */
		C4B9A68F22F9F547004B8693 /* PBXContainerItemProxy */ = {
			isa = PBXContainerItemProxy;
			containerPortal = C4B9A67222F9F545004B8693 /* Project object */;
			proxyType = 1;
			remoteGlobalIDString = C4B9A67922F9F545004B8693;
			remoteInfo = MovieDatabase;
		};
/* End PBXContainerItemProxy section */

/* Begin PBXFileReference section */
		C436645C238029A100398C3B /* MainPageTitle.swift */ = {isa = PBXFileReference; lastKnownFileType = sourcecode.swift; path = MainPageTitle.swift; sourceTree = "<group>"; };
		C436645E238033F700398C3B /* MainPageMovieStarPresentation.swift */ = {isa = PBXFileReference; lastKnownFileType = sourcecode.swift; path = MainPageMovieStarPresentation.swift; sourceTree = "<group>"; };
		C43664602380377700398C3B /* moviestar2.json */ = {isa = PBXFileReference; fileEncoding = 4; lastKnownFileType = text.json; path = moviestar2.json; sourceTree = "<group>"; };
		C43664652380411100398C3B /* PopularTrailerCellContracts.swift */ = {isa = PBXFileReference; lastKnownFileType = sourcecode.swift; path = PopularTrailerCellContracts.swift; sourceTree = "<group>"; };
		C43664672380412600398C3B /* PopularTrailerCellViewModel.swift */ = {isa = PBXFileReference; lastKnownFileType = sourcecode.swift; path = PopularTrailerCellViewModel.swift; sourceTree = "<group>"; };
		C4366469238062E500398C3B /* PopularTrailerDTO.swift */ = {isa = PBXFileReference; lastKnownFileType = sourcecode.swift; path = PopularTrailerDTO.swift; sourceTree = "<group>"; };
		C436646C238063A600398C3B /* PopularTrailerCellResponse.swift */ = {isa = PBXFileReference; lastKnownFileType = sourcecode.swift; path = PopularTrailerCellResponse.swift; sourceTree = "<group>"; };
		C43664712380666700398C3B /* populartrailer1.json */ = {isa = PBXFileReference; lastKnownFileType = text.json; path = populartrailer1.json; sourceTree = "<group>"; };
		C436647323806B3900398C3B /* MainPagePopularTrailerCellPresentation.swift */ = {isa = PBXFileReference; lastKnownFileType = sourcecode.swift; path = MainPagePopularTrailerCellPresentation.swift; sourceTree = "<group>"; };
		C436647523806C1200398C3B /* MainPagePopularTrailerPresentation.swift */ = {isa = PBXFileReference; lastKnownFileType = sourcecode.swift; path = MainPagePopularTrailerPresentation.swift; sourceTree = "<group>"; };
		C436647723806E8E00398C3B /* RowDTO.swift */ = {isa = PBXFileReference; lastKnownFileType = sourcecode.swift; path = RowDTO.swift; sourceTree = "<group>"; };
		C43664792380702A00398C3B /* PopularTrailerTableViewCell.swift */ = {isa = PBXFileReference; lastKnownFileType = sourcecode.swift; path = PopularTrailerTableViewCell.swift; sourceTree = "<group>"; };
		C436647C238078AE00398C3B /* PopularTrailerCollectionViewCell.swift */ = {isa = PBXFileReference; lastKnownFileType = sourcecode.swift; path = PopularTrailerCollectionViewCell.swift; sourceTree = "<group>"; };
		C440C01B237CA1C300AA1651 /* MovieStarCollectionViewCell.swift */ = {isa = PBXFileReference; lastKnownFileType = sourcecode.swift; path = MovieStarCollectionViewCell.swift; sourceTree = "<group>"; };
		C440C01D237CA2D200AA1651 /* MovieStarDTO.swift */ = {isa = PBXFileReference; lastKnownFileType = sourcecode.swift; path = MovieStarDTO.swift; sourceTree = "<group>"; };
		C440C01F237CA33400AA1651 /* MovieStarCellResponse.swift */ = {isa = PBXFileReference; lastKnownFileType = sourcecode.swift; path = MovieStarCellResponse.swift; sourceTree = "<group>"; };
		C440C021237CA7E100AA1651 /* moviestar1.json */ = {isa = PBXFileReference; lastKnownFileType = text.json; path = moviestar1.json; sourceTree = "<group>"; };
		C440C023237DF42C00AA1651 /* MainPageMovieStarCellPresentation.swift */ = {isa = PBXFileReference; lastKnownFileType = sourcecode.swift; path = MainPageMovieStarCellPresentation.swift; sourceTree = "<group>"; };
		C47567C2236CE0C4001AB870 /* rows.json */ = {isa = PBXFileReference; lastKnownFileType = text.json; path = rows.json; sourceTree = "<group>"; };
		C47567C4236DB830001AB870 /* suggestion1.json */ = {isa = PBXFileReference; lastKnownFileType = text.json; path = suggestion1.json; sourceTree = "<group>"; };
		C47567C6236DB939001AB870 /* suggestion2.json */ = {isa = PBXFileReference; lastKnownFileType = text.json; path = suggestion2.json; sourceTree = "<group>"; };
		C47567C8236DB98B001AB870 /* suggestion3.json */ = {isa = PBXFileReference; lastKnownFileType = text.json; path = suggestion3.json; sourceTree = "<group>"; };
		C47567CA236DB9A8001AB870 /* category1.json */ = {isa = PBXFileReference; lastKnownFileType = text.json; path = category1.json; sourceTree = "<group>"; };
		C47567CC236DB9E8001AB870 /* category2.json */ = {isa = PBXFileReference; fileEncoding = 4; lastKnownFileType = text.json; path = category2.json; sourceTree = "<group>"; };
		C47567CE236DB9F0001AB870 /* category3.json */ = {isa = PBXFileReference; fileEncoding = 4; lastKnownFileType = text.json; path = category3.json; sourceTree = "<group>"; };
		C47567D0236DB9F6001AB870 /* category4.json */ = {isa = PBXFileReference; fileEncoding = 4; lastKnownFileType = text.json; path = category4.json; sourceTree = "<group>"; };
		C47567D2236DBA00001AB870 /* category5.json */ = {isa = PBXFileReference; fileEncoding = 4; lastKnownFileType = text.json; path = category5.json; sourceTree = "<group>"; };
		C47567D4236ED966001AB870 /* MainPageRowCreator.swift */ = {isa = PBXFileReference; lastKnownFileType = sourcecode.swift; path = MainPageRowCreator.swift; sourceTree = "<group>"; };
		C47567D6236EDF22001AB870 /* SuggestionCellViewModel.swift */ = {isa = PBXFileReference; lastKnownFileType = sourcecode.swift; path = SuggestionCellViewModel.swift; sourceTree = "<group>"; };
		C47567D8236EDF37001AB870 /* SuggestionCellContracts.swift */ = {isa = PBXFileReference; lastKnownFileType = sourcecode.swift; path = SuggestionCellContracts.swift; sourceTree = "<group>"; };
		C47567DA236EE174001AB870 /* MainPageCellViewModelProtocol.swift */ = {isa = PBXFileReference; lastKnownFileType = sourcecode.swift; path = MainPageCellViewModelProtocol.swift; sourceTree = "<group>"; };
		C47567DC236EEE13001AB870 /* SuggestionCellResponse.swift */ = {isa = PBXFileReference; lastKnownFileType = sourcecode.swift; path = SuggestionCellResponse.swift; sourceTree = "<group>"; };
		C47567DE23721073001AB870 /* MovieDTO.swift */ = {isa = PBXFileReference; lastKnownFileType = sourcecode.swift; path = MovieDTO.swift; sourceTree = "<group>"; };
		C47567E1237211DD001AB870 /* CategoryCellResponse.swift */ = {isa = PBXFileReference; lastKnownFileType = sourcecode.swift; path = CategoryCellResponse.swift; sourceTree = "<group>"; };
		C47567E4237212F0001AB870 /* JsonService.swift */ = {isa = PBXFileReference; lastKnownFileType = sourcecode.swift; path = JsonService.swift; sourceTree = "<group>"; };
		C476253F2379EF3100557009 /* MainPageCategoryCellPresentation.swift */ = {isa = PBXFileReference; lastKnownFileType = sourcecode.swift; path = MainPageCategoryCellPresentation.swift; sourceTree = "<group>"; };
		C4762542237C99BE00557009 /* MovieStarCellContracts.swift */ = {isa = PBXFileReference; lastKnownFileType = sourcecode.swift; path = MovieStarCellContracts.swift; sourceTree = "<group>"; };
		C4762544237C99CF00557009 /* MovieStarCellViewModel.swift */ = {isa = PBXFileReference; lastKnownFileType = sourcecode.swift; path = MovieStarCellViewModel.swift; sourceTree = "<group>"; };
		C4762546237C9DA000557009 /* MovieStarTableViewCell.swift */ = {isa = PBXFileReference; lastKnownFileType = sourcecode.swift; path = MovieStarTableViewCell.swift; sourceTree = "<group>"; };
		C4816DF32387348E00AC4EDD /* MainPageViewModelTests.swift */ = {isa = PBXFileReference; lastKnownFileType = sourcecode.swift; path = MainPageViewModelTests.swift; sourceTree = "<group>"; };
		C4893F8D23467D570043ED64 /* movies.json */ = {isa = PBXFileReference; fileEncoding = 4; lastKnownFileType = text.json; path = movies.json; sourceTree = "<group>"; };
		C4893F9123468AB00043ED64 /* MainPageResponse.swift */ = {isa = PBXFileReference; lastKnownFileType = sourcecode.swift; path = MainPageResponse.swift; sourceTree = "<group>"; };
		C4948591233A990C003596BC /* UIImageView.swift */ = {isa = PBXFileReference; lastKnownFileType = sourcecode.swift; path = UIImageView.swift; sourceTree = "<group>"; };
		C4B9A67A22F9F545004B8693 /* MovieDatabase.app */ = {isa = PBXFileReference; explicitFileType = wrapper.application; includeInIndex = 0; path = MovieDatabase.app; sourceTree = BUILT_PRODUCTS_DIR; };
		C4B9A67D22F9F545004B8693 /* AppDelegate.swift */ = {isa = PBXFileReference; lastKnownFileType = sourcecode.swift; path = AppDelegate.swift; sourceTree = "<group>"; };
		C4B9A68422F9F547004B8693 /* Assets.xcassets */ = {isa = PBXFileReference; lastKnownFileType = folder.assetcatalog; path = Assets.xcassets; sourceTree = "<group>"; };
		C4B9A68722F9F547004B8693 /* Base */ = {isa = PBXFileReference; lastKnownFileType = file.storyboard; name = Base; path = Base.lproj/LaunchScreen.storyboard; sourceTree = "<group>"; };
		C4B9A68922F9F547004B8693 /* Info.plist */ = {isa = PBXFileReference; lastKnownFileType = text.plist.xml; path = Info.plist; sourceTree = "<group>"; };
		C4B9A68E22F9F547004B8693 /* MovieDatabaseTests.xctest */ = {isa = PBXFileReference; explicitFileType = wrapper.cfbundle; includeInIndex = 0; path = MovieDatabaseTests.xctest; sourceTree = BUILT_PRODUCTS_DIR; };
		C4B9A69422F9F547004B8693 /* Info.plist */ = {isa = PBXFileReference; lastKnownFileType = text.plist.xml; path = Info.plist; sourceTree = "<group>"; };
		C4B9A69F22F9F959004B8693 /* MainPageViewController.swift */ = {isa = PBXFileReference; lastKnownFileType = sourcecode.swift; path = MainPageViewController.swift; sourceTree = "<group>"; };
		C4B9A6A122F9F96E004B8693 /* MainPageViewModel.swift */ = {isa = PBXFileReference; lastKnownFileType = sourcecode.swift; path = MainPageViewModel.swift; sourceTree = "<group>"; };
		C4B9A6A322F9F995004B8693 /* MainPage.storyboard */ = {isa = PBXFileReference; lastKnownFileType = file.storyboard; path = MainPage.storyboard; sourceTree = "<group>"; };
		C4B9A6A622FA0099004B8693 /* CategoryTableViewCell.swift */ = {isa = PBXFileReference; lastKnownFileType = sourcecode.swift; name = CategoryTableViewCell.swift; path = ../CategoryTableViewCell.swift; sourceTree = "<group>"; };
		C4B9A6A822FA016B004B8693 /* CategoryCollectionViewCell.swift */ = {isa = PBXFileReference; lastKnownFileType = sourcecode.swift; path = CategoryCollectionViewCell.swift; sourceTree = "<group>"; };
		C4B9A6AA22FA085F004B8693 /* MainPageBuilder.swift */ = {isa = PBXFileReference; lastKnownFileType = sourcecode.swift; path = MainPageBuilder.swift; sourceTree = "<group>"; };
		C4B9A6AC22FC8FBD004B8693 /* MainPageContracts.swift */ = {isa = PBXFileReference; lastKnownFileType = sourcecode.swift; path = MainPageContracts.swift; sourceTree = "<group>"; };
		C4B9A6AE22FCA1F1004B8693 /* CategoryCellContracts.swift */ = {isa = PBXFileReference; lastKnownFileType = sourcecode.swift; path = CategoryCellContracts.swift; sourceTree = "<group>"; };
		C4B9A6B022FCA2CD004B8693 /* CategoryCellViewModel.swift */ = {isa = PBXFileReference; lastKnownFileType = sourcecode.swift; path = CategoryCellViewModel.swift; sourceTree = "<group>"; };
		C4B9A6B32305DAB0004B8693 /* MainPageMoviePresentation.swift */ = {isa = PBXFileReference; lastKnownFileType = sourcecode.swift; path = MainPageMoviePresentation.swift; sourceTree = "<group>"; };
		C4E834DC2308977F001AA3E6 /* SuggestionTableViewCell.swift */ = {isa = PBXFileReference; lastKnownFileType = sourcecode.swift; path = SuggestionTableViewCell.swift; sourceTree = "<group>"; };
		C4E834DE230B31C1001AA3E6 /* ConfigureCell.swift */ = {isa = PBXFileReference; lastKnownFileType = sourcecode.swift; path = ConfigureCell.swift; sourceTree = "<group>"; };
/* End PBXFileReference section */

/* Begin PBXFrameworksBuildPhase section */
		C4B9A67722F9F545004B8693 /* Frameworks */ = {
			isa = PBXFrameworksBuildPhase;
			buildActionMask = 2147483647;
			files = (
			);
			runOnlyForDeploymentPostprocessing = 0;
		};
		C4B9A68B22F9F547004B8693 /* Frameworks */ = {
			isa = PBXFrameworksBuildPhase;
			buildActionMask = 2147483647;
			files = (
			);
			runOnlyForDeploymentPostprocessing = 0;
		};
/* End PBXFrameworksBuildPhase section */

/* Begin PBXGroup section */
		C43224662311D62300BE36F3 /* SuggestionCell */ = {
			isa = PBXGroup;
			children = (
				C4E834DC2308977F001AA3E6 /* SuggestionTableViewCell.swift */,
				C47567D6236EDF22001AB870 /* SuggestionCellViewModel.swift */,
				C47567D8236EDF37001AB870 /* SuggestionCellContracts.swift */,
			);
			path = SuggestionCell;
			sourceTree = "<group>";
		};
		C43224672311D63900BE36F3 /* CategoriesCell */ = {
			isa = PBXGroup;
			children = (
				C43224682311D65900BE36F3 /* CategoryCell */,
				C4B9A6A622FA0099004B8693 /* CategoryTableViewCell.swift */,
				C4B9A6AE22FCA1F1004B8693 /* CategoryCellContracts.swift */,
				C4B9A6B022FCA2CD004B8693 /* CategoryCellViewModel.swift */,
			);
			path = CategoriesCell;
			sourceTree = "<group>";
		};
		C43224682311D65900BE36F3 /* CategoryCell */ = {
			isa = PBXGroup;
			children = (
				C4B9A6A822FA016B004B8693 /* CategoryCollectionViewCell.swift */,
			);
			path = CategoryCell;
			sourceTree = "<group>";
		};
		C43224692311E22C00BE36F3 /* MovieDatabaseAPI */ = {
			isa = PBXGroup;
			children = (
				C474370F2374CC9C00DDE7CD /* JSONFiles */,
				C47567E02372116C001AB870 /* DTOs */,
				C436646B2380636A00398C3B /* Reponses */,
			);
			path = MovieDatabaseAPI;
			sourceTree = "<group>";
		};
		C436645B2380297F00398C3B /* CustomViews */ = {
			isa = PBXGroup;
			children = (
				C436645C238029A100398C3B /* MainPageTitle.swift */,
			);
			path = CustomViews;
			sourceTree = "<group>";
		};
		C43664622380408300398C3B /* PopularTrailersCell */ = {
			isa = PBXGroup;
			children = (
				C436647B2380789600398C3B /* PopularTrailerCell */,
				C43664652380411100398C3B /* PopularTrailerCellContracts.swift */,
				C43664672380412600398C3B /* PopularTrailerCellViewModel.swift */,
				C43664792380702A00398C3B /* PopularTrailerTableViewCell.swift */,
			);
			path = PopularTrailersCell;
			sourceTree = "<group>";
		};
		C436646B2380636A00398C3B /* Reponses */ = {
			isa = PBXGroup;
			children = (
				C4893F9123468AB00043ED64 /* MainPageResponse.swift */,
				C47567DC236EEE13001AB870 /* SuggestionCellResponse.swift */,
				C47567E1237211DD001AB870 /* CategoryCellResponse.swift */,
				C440C01F237CA33400AA1651 /* MovieStarCellResponse.swift */,
				C436646C238063A600398C3B /* PopularTrailerCellResponse.swift */,
			);
			path = Reponses;
			sourceTree = "<group>";
		};
		C436646E2380662200398C3B /* suggestions */ = {
			isa = PBXGroup;
			children = (
				C47567C4236DB830001AB870 /* suggestion1.json */,
				C47567C6236DB939001AB870 /* suggestion2.json */,
				C47567C8236DB98B001AB870 /* suggestion3.json */,
			);
			path = suggestions;
			sourceTree = "<group>";
		};
		C436646F2380662F00398C3B /* categories */ = {
			isa = PBXGroup;
			children = (
				C47567CA236DB9A8001AB870 /* category1.json */,
				C47567CC236DB9E8001AB870 /* category2.json */,
				C47567CE236DB9F0001AB870 /* category3.json */,
				C47567D0236DB9F6001AB870 /* category4.json */,
				C47567D2236DBA00001AB870 /* category5.json */,
			);
			path = categories;
			sourceTree = "<group>";
		};
		C43664702380663D00398C3B /* moviestars */ = {
			isa = PBXGroup;
			children = (
				C440C021237CA7E100AA1651 /* moviestar1.json */,
				C43664602380377700398C3B /* moviestar2.json */,
			);
			path = moviestars;
			sourceTree = "<group>";
		};
		C436647B2380789600398C3B /* PopularTrailerCell */ = {
			isa = PBXGroup;
			children = (
				C436647C238078AE00398C3B /* PopularTrailerCollectionViewCell.swift */,
			);
			path = PopularTrailerCell;
			sourceTree = "<group>";
		};
		C440C01A237CA1A300AA1651 /* MovieStarCell */ = {
			isa = PBXGroup;
			children = (
				C440C01B237CA1C300AA1651 /* MovieStarCollectionViewCell.swift */,
			);
			path = MovieStarCell;
			sourceTree = "<group>";
		};
		C474370F2374CC9C00DDE7CD /* JSONFiles */ = {
			isa = PBXGroup;
			children = (
				C43664702380663D00398C3B /* moviestars */,
				C436646F2380662F00398C3B /* categories */,
				C436646E2380662200398C3B /* suggestions */,
				C4893F8D23467D570043ED64 /* movies.json */,
				C47567C2236CE0C4001AB870 /* rows.json */,
				C43664712380666700398C3B /* populartrailer1.json */,
			);
			path = JSONFiles;
			sourceTree = "<group>";
		};
		C47567E02372116C001AB870 /* DTOs */ = {
			isa = PBXGroup;
			children = (
				C436647723806E8E00398C3B /* RowDTO.swift */,
				C47567DE23721073001AB870 /* MovieDTO.swift */,
				C440C01D237CA2D200AA1651 /* MovieStarDTO.swift */,
				C4366469238062E500398C3B /* PopularTrailerDTO.swift */,
			);
			path = DTOs;
			sourceTree = "<group>";
		};
		C47567E323721292001AB870 /* Service */ = {
			isa = PBXGroup;
			children = (
				C47567E4237212F0001AB870 /* JsonService.swift */,
			);
			path = Service;
			sourceTree = "<group>";
		};
		C4762541237B54EF00557009 /* MovieStarsCell */ = {
			isa = PBXGroup;
			children = (
				C440C01A237CA1A300AA1651 /* MovieStarCell */,
				C4762542237C99BE00557009 /* MovieStarCellContracts.swift */,
				C4762544237C99CF00557009 /* MovieStarCellViewModel.swift */,
				C4762546237C9DA000557009 /* MovieStarTableViewCell.swift */,
			);
			path = MovieStarsCell;
			sourceTree = "<group>";
		};
		C4948590233A98DB003596BC /* Extensions */ = {
			isa = PBXGroup;
			children = (
				C4948591233A990C003596BC /* UIImageView.swift */,
			);
			path = Extensions;
			sourceTree = "<group>";
		};
		C4B9A67122F9F545004B8693 = {
			isa = PBXGroup;
			children = (
				C4B9A67C22F9F545004B8693 /* MovieDatabase */,
				C4B9A69122F9F547004B8693 /* MovieDatabaseTests */,
				C4B9A67B22F9F545004B8693 /* Products */,
			);
			sourceTree = "<group>";
		};
		C4B9A67B22F9F545004B8693 /* Products */ = {
			isa = PBXGroup;
			children = (
				C4B9A67A22F9F545004B8693 /* MovieDatabase.app */,
				C4B9A68E22F9F547004B8693 /* MovieDatabaseTests.xctest */,
			);
			name = Products;
			sourceTree = "<group>";
		};
		C4B9A67C22F9F545004B8693 /* MovieDatabase */ = {
			isa = PBXGroup;
			children = (
				C436645B2380297F00398C3B /* CustomViews */,
				C47567E323721292001AB870 /* Service */,
				C4948590233A98DB003596BC /* Extensions */,
				C43224692311E22C00BE36F3 /* MovieDatabaseAPI */,
				C4B9A6B22305D0F9004B8693 /* Presentation */,
				C4B9A69E22F9F81B004B8693 /* Scenes */,
				C4B9A67D22F9F545004B8693 /* AppDelegate.swift */,
				C4B9A68422F9F547004B8693 /* Assets.xcassets */,
				C4B9A68622F9F547004B8693 /* LaunchScreen.storyboard */,
				C4B9A68922F9F547004B8693 /* Info.plist */,
			);
			path = MovieDatabase;
			sourceTree = "<group>";
		};
		C4B9A69122F9F547004B8693 /* MovieDatabaseTests */ = {
			isa = PBXGroup;
			children = (
				C4B9A69422F9F547004B8693 /* Info.plist */,
				C4816DF32387348E00AC4EDD /* MainPageViewModelTests.swift */,
			);
			path = MovieDatabaseTests;
			sourceTree = "<group>";
		};
		C4B9A69D22F9F80B004B8693 /* MainView */ = {
			isa = PBXGroup;
			children = (
				C4B9A6A522FA006B004B8693 /* CustomCells */,
				C4B9A69F22F9F959004B8693 /* MainPageViewController.swift */,
				C4B9A6A122F9F96E004B8693 /* MainPageViewModel.swift */,
				C4B9A6A322F9F995004B8693 /* MainPage.storyboard */,
				C4B9A6AA22FA085F004B8693 /* MainPageBuilder.swift */,
				C4B9A6AC22FC8FBD004B8693 /* MainPageContracts.swift */,
				C47567D4236ED966001AB870 /* MainPageRowCreator.swift */,
			);
			path = MainView;
			sourceTree = "<group>";
		};
		C4B9A69E22F9F81B004B8693 /* Scenes */ = {
			isa = PBXGroup;
			children = (
				C4B9A69D22F9F80B004B8693 /* MainView */,
			);
			path = Scenes;
			sourceTree = "<group>";
		};
		C4B9A6A522FA006B004B8693 /* CustomCells */ = {
			isa = PBXGroup;
			children = (
				C43664622380408300398C3B /* PopularTrailersCell */,
				C4762541237B54EF00557009 /* MovieStarsCell */,
				C43224672311D63900BE36F3 /* CategoriesCell */,
				C43224662311D62300BE36F3 /* SuggestionCell */,
				C4E834DE230B31C1001AA3E6 /* ConfigureCell.swift */,
				C47567DA236EE174001AB870 /* MainPageCellViewModelProtocol.swift */,
			);
			path = CustomCells;
			sourceTree = "<group>";
		};
		C4B9A6B22305D0F9004B8693 /* Presentation */ = {
			isa = PBXGroup;
			children = (
				C4B9A6B32305DAB0004B8693 /* MainPageMoviePresentation.swift */,
				C476253F2379EF3100557009 /* MainPageCategoryCellPresentation.swift */,
				C436645E238033F700398C3B /* MainPageMovieStarPresentation.swift */,
				C440C023237DF42C00AA1651 /* MainPageMovieStarCellPresentation.swift */,
				C436647523806C1200398C3B /* MainPagePopularTrailerPresentation.swift */,
				C436647323806B3900398C3B /* MainPagePopularTrailerCellPresentation.swift */,
			);
			path = Presentation;
			sourceTree = "<group>";
		};
/* End PBXGroup section */

/* Begin PBXNativeTarget section */
		C4B9A67922F9F545004B8693 /* MovieDatabase */ = {
			isa = PBXNativeTarget;
			buildConfigurationList = C4B9A69722F9F547004B8693 /* Build configuration list for PBXNativeTarget "MovieDatabase" */;
			buildPhases = (
				C4B9A67622F9F545004B8693 /* Sources */,
				C4B9A67722F9F545004B8693 /* Frameworks */,
				C4B9A67822F9F545004B8693 /* Resources */,
			);
			buildRules = (
			);
			dependencies = (
			);
			name = MovieDatabase;
			productName = MovieDatabase;
			productReference = C4B9A67A22F9F545004B8693 /* MovieDatabase.app */;
			productType = "com.apple.product-type.application";
		};
		C4B9A68D22F9F547004B8693 /* MovieDatabaseTests */ = {
			isa = PBXNativeTarget;
			buildConfigurationList = C4B9A69A22F9F547004B8693 /* Build configuration list for PBXNativeTarget "MovieDatabaseTests" */;
			buildPhases = (
				C4B9A68A22F9F547004B8693 /* Sources */,
				C4B9A68B22F9F547004B8693 /* Frameworks */,
				C4B9A68C22F9F547004B8693 /* Resources */,
			);
			buildRules = (
			);
			dependencies = (
				C4B9A69022F9F547004B8693 /* PBXTargetDependency */,
			);
			name = MovieDatabaseTests;
			productName = MovieDatabaseTests;
			productReference = C4B9A68E22F9F547004B8693 /* MovieDatabaseTests.xctest */;
			productType = "com.apple.product-type.bundle.unit-test";
		};
/* End PBXNativeTarget section */

/* Begin PBXProject section */
		C4B9A67222F9F545004B8693 /* Project object */ = {
			isa = PBXProject;
			attributes = {
				LastSwiftUpdateCheck = 1030;
				LastUpgradeCheck = 1030;
				ORGANIZATIONNAME = "Hakan Silek";
				TargetAttributes = {
					C4B9A67922F9F545004B8693 = {
						CreatedOnToolsVersion = 10.3;
					};
					C4B9A68D22F9F547004B8693 = {
						CreatedOnToolsVersion = 10.3;
						TestTargetID = C4B9A67922F9F545004B8693;
					};
				};
			};
			buildConfigurationList = C4B9A67522F9F545004B8693 /* Build configuration list for PBXProject "MovieDatabase" */;
			compatibilityVersion = "Xcode 9.3";
			developmentRegion = en;
			hasScannedForEncodings = 0;
			knownRegions = (
				en,
				Base,
			);
			mainGroup = C4B9A67122F9F545004B8693;
			productRefGroup = C4B9A67B22F9F545004B8693 /* Products */;
			projectDirPath = "";
			projectRoot = "";
			targets = (
				C4B9A67922F9F545004B8693 /* MovieDatabase */,
				C4B9A68D22F9F547004B8693 /* MovieDatabaseTests */,
			);
		};
/* End PBXProject section */

/* Begin PBXResourcesBuildPhase section */
		C4B9A67822F9F545004B8693 /* Resources */ = {
			isa = PBXResourcesBuildPhase;
			buildActionMask = 2147483647;
			files = (
				C4B9A6A422F9F995004B8693 /* MainPage.storyboard in Resources */,
				C47567C5236DB830001AB870 /* suggestion1.json in Resources */,
				C47567CB236DB9A8001AB870 /* category1.json in Resources */,
				C4B9A68822F9F547004B8693 /* LaunchScreen.storyboard in Resources */,
				C43664612380377700398C3B /* moviestar2.json in Resources */,
				C43664722380666700398C3B /* populartrailer1.json in Resources */,
				C47567C9236DB98B001AB870 /* suggestion3.json in Resources */,
				C4893F8E23467D570043ED64 /* movies.json in Resources */,
				C47567CD236DB9E8001AB870 /* category2.json in Resources */,
				C47567C3236CE0C4001AB870 /* rows.json in Resources */,
				C440C022237CA7E100AA1651 /* moviestar1.json in Resources */,
				C47567D1236DB9F6001AB870 /* category4.json in Resources */,
				C47567CF236DB9F0001AB870 /* category3.json in Resources */,
				C47567C7236DB939001AB870 /* suggestion2.json in Resources */,
				C47567D3236DBA00001AB870 /* category5.json in Resources */,
				C4B9A68522F9F547004B8693 /* Assets.xcassets in Resources */,
			);
			runOnlyForDeploymentPostprocessing = 0;
		};
		C4B9A68C22F9F547004B8693 /* Resources */ = {
			isa = PBXResourcesBuildPhase;
			buildActionMask = 2147483647;
			files = (
			);
			runOnlyForDeploymentPostprocessing = 0;
		};
/* End PBXResourcesBuildPhase section */

/* Begin PBXSourcesBuildPhase section */
		C4B9A67622F9F545004B8693 /* Sources */ = {
			isa = PBXSourcesBuildPhase;
			buildActionMask = 2147483647;
			files = (
				C440C020237CA33400AA1651 /* MovieStarCellResponse.swift in Sources */,
				C47567DB236EE174001AB870 /* MainPageCellViewModelProtocol.swift in Sources */,
				C436647823806E8E00398C3B /* RowDTO.swift in Sources */,
				C47567E2237211DD001AB870 /* CategoryCellResponse.swift in Sources */,
				C4762547237C9DA100557009 /* MovieStarTableViewCell.swift in Sources */,
				C436646D238063A600398C3B /* PopularTrailerCellResponse.swift in Sources */,
				C440C024237DF42C00AA1651 /* MainPageMovieStarCellPresentation.swift in Sources */,
				C4762545237C99CF00557009 /* MovieStarCellViewModel.swift in Sources */,
				C436645F238033F700398C3B /* MainPageMovieStarPresentation.swift in Sources */,
				C436646A238062E500398C3B /* PopularTrailerDTO.swift in Sources */,
				C4948592233A990C003596BC /* UIImageView.swift in Sources */,
				C4B9A6A222F9F96E004B8693 /* MainPageViewModel.swift in Sources */,
				C47567E5237212F0001AB870 /* JsonService.swift in Sources */,
				C4893F9223468AB00043ED64 /* MainPageResponse.swift in Sources */,
				C47567D9236EDF37001AB870 /* SuggestionCellContracts.swift in Sources */,
				C4B9A6A922FA016B004B8693 /* CategoryCollectionViewCell.swift in Sources */,
				C47567D7236EDF22001AB870 /* SuggestionCellViewModel.swift in Sources */,
				C4B9A6A722FA0099004B8693 /* CategoryTableViewCell.swift in Sources */,
				C440C01C237CA1C300AA1651 /* MovieStarCollectionViewCell.swift in Sources */,
				C4762543237C99BE00557009 /* MovieStarCellContracts.swift in Sources */,
				C436647623806C1200398C3B /* MainPagePopularTrailerPresentation.swift in Sources */,
				C436647423806B3900398C3B /* MainPagePopularTrailerCellPresentation.swift in Sources */,
				C4B9A6AB22FA085F004B8693 /* MainPageBuilder.swift in Sources */,
				C4E834DF230B31C1001AA3E6 /* ConfigureCell.swift in Sources */,
				C47567DF23721073001AB870 /* MovieDTO.swift in Sources */,
				C4B9A6B42305DAB0004B8693 /* MainPageMoviePresentation.swift in Sources */,
				C4B9A6A022F9F959004B8693 /* MainPageViewController.swift in Sources */,
				C47567DD236EEE13001AB870 /* SuggestionCellResponse.swift in Sources */,
				C4E834DD2308977F001AA3E6 /* SuggestionTableViewCell.swift in Sources */,
				C4B9A67E22F9F545004B8693 /* AppDelegate.swift in Sources */,
				C440C01E237CA2D200AA1651 /* MovieStarDTO.swift in Sources */,
				C436645D238029A100398C3B /* MainPageTitle.swift in Sources */,
				C47567D5236ED966001AB870 /* MainPageRowCreator.swift in Sources */,
				C436647D238078AE00398C3B /* PopularTrailerCollectionViewCell.swift in Sources */,
				C43664662380411100398C3B /* PopularTrailerCellContracts.swift in Sources */,
				C4B9A6AD22FC8FBD004B8693 /* MainPageContracts.swift in Sources */,
				C47625402379EF3100557009 /* MainPageCategoryCellPresentation.swift in Sources */,
				C4B9A6B122FCA2CD004B8693 /* CategoryCellViewModel.swift in Sources */,
				C43664682380412600398C3B /* PopularTrailerCellViewModel.swift in Sources */,
				C4B9A6AF22FCA1F1004B8693 /* CategoryCellContracts.swift in Sources */,
				C436647A2380702A00398C3B /* PopularTrailerTableViewCell.swift in Sources */,
			);
			runOnlyForDeploymentPostprocessing = 0;
		};
		C4B9A68A22F9F547004B8693 /* Sources */ = {
			isa = PBXSourcesBuildPhase;
			buildActionMask = 2147483647;
			files = (
				C4816DF42387348E00AC4EDD /* MainPageViewModelTests.swift in Sources */,
			);
			runOnlyForDeploymentPostprocessing = 0;
		};
/* End PBXSourcesBuildPhase section */

/* Begin PBXTargetDependency section */
		C4B9A69022F9F547004B8693 /* PBXTargetDependency */ = {
			isa = PBXTargetDependency;
			target = C4B9A67922F9F545004B8693 /* MovieDatabase */;
			targetProxy = C4B9A68F22F9F547004B8693 /* PBXContainerItemProxy */;
		};
/* End PBXTargetDependency section */

/* Begin PBXVariantGroup section */
		C4B9A68622F9F547004B8693 /* LaunchScreen.storyboard */ = {
			isa = PBXVariantGroup;
			children = (
				C4B9A68722F9F547004B8693 /* Base */,
			);
			name = LaunchScreen.storyboard;
			sourceTree = "<group>";
		};
/* End PBXVariantGroup section */

/* Begin XCBuildConfiguration section */
		C4B9A69522F9F547004B8693 /* Debug */ = {
			isa = XCBuildConfiguration;
			buildSettings = {
				ALWAYS_SEARCH_USER_PATHS = NO;
				CLANG_ANALYZER_NONNULL = YES;
				CLANG_ANALYZER_NUMBER_OBJECT_CONVERSION = YES_AGGRESSIVE;
				CLANG_CXX_LANGUAGE_STANDARD = "gnu++14";
				CLANG_CXX_LIBRARY = "libc++";
				CLANG_ENABLE_MODULES = YES;
				CLANG_ENABLE_OBJC_ARC = YES;
				CLANG_ENABLE_OBJC_WEAK = YES;
				CLANG_WARN_BLOCK_CAPTURE_AUTORELEASING = YES;
				CLANG_WARN_BOOL_CONVERSION = YES;
				CLANG_WARN_COMMA = YES;
				CLANG_WARN_CONSTANT_CONVERSION = YES;
				CLANG_WARN_DEPRECATED_OBJC_IMPLEMENTATIONS = YES;
				CLANG_WARN_DIRECT_OBJC_ISA_USAGE = YES_ERROR;
				CLANG_WARN_DOCUMENTATION_COMMENTS = YES;
				CLANG_WARN_EMPTY_BODY = YES;
				CLANG_WARN_ENUM_CONVERSION = YES;
				CLANG_WARN_INFINITE_RECURSION = YES;
				CLANG_WARN_INT_CONVERSION = YES;
				CLANG_WARN_NON_LITERAL_NULL_CONVERSION = YES;
				CLANG_WARN_OBJC_IMPLICIT_RETAIN_SELF = YES;
				CLANG_WARN_OBJC_LITERAL_CONVERSION = YES;
				CLANG_WARN_OBJC_ROOT_CLASS = YES_ERROR;
				CLANG_WARN_RANGE_LOOP_ANALYSIS = YES;
				CLANG_WARN_STRICT_PROTOTYPES = YES;
				CLANG_WARN_SUSPICIOUS_MOVE = YES;
				CLANG_WARN_UNGUARDED_AVAILABILITY = YES_AGGRESSIVE;
				CLANG_WARN_UNREACHABLE_CODE = YES;
				CLANG_WARN__DUPLICATE_METHOD_MATCH = YES;
				CODE_SIGN_IDENTITY = "iPhone Developer";
				COPY_PHASE_STRIP = NO;
				DEBUG_INFORMATION_FORMAT = dwarf;
				ENABLE_STRICT_OBJC_MSGSEND = YES;
				ENABLE_TESTABILITY = YES;
				GCC_C_LANGUAGE_STANDARD = gnu11;
				GCC_DYNAMIC_NO_PIC = NO;
				GCC_NO_COMMON_BLOCKS = YES;
				GCC_OPTIMIZATION_LEVEL = 0;
				GCC_PREPROCESSOR_DEFINITIONS = (
					"DEBUG=1",
					"$(inherited)",
				);
				GCC_WARN_64_TO_32_BIT_CONVERSION = YES;
				GCC_WARN_ABOUT_RETURN_TYPE = YES_ERROR;
				GCC_WARN_UNDECLARED_SELECTOR = YES;
				GCC_WARN_UNINITIALIZED_AUTOS = YES_AGGRESSIVE;
				GCC_WARN_UNUSED_FUNCTION = YES;
				GCC_WARN_UNUSED_VARIABLE = YES;
				IPHONEOS_DEPLOYMENT_TARGET = 12.4;
				MTL_ENABLE_DEBUG_INFO = INCLUDE_SOURCE;
				MTL_FAST_MATH = YES;
				ONLY_ACTIVE_ARCH = YES;
				SDKROOT = iphoneos;
				SWIFT_ACTIVE_COMPILATION_CONDITIONS = DEBUG;
				SWIFT_OPTIMIZATION_LEVEL = "-Onone";
			};
			name = Debug;
		};
		C4B9A69622F9F547004B8693 /* Release */ = {
			isa = XCBuildConfiguration;
			buildSettings = {
				ALWAYS_SEARCH_USER_PATHS = NO;
				CLANG_ANALYZER_NONNULL = YES;
				CLANG_ANALYZER_NUMBER_OBJECT_CONVERSION = YES_AGGRESSIVE;
				CLANG_CXX_LANGUAGE_STANDARD = "gnu++14";
				CLANG_CXX_LIBRARY = "libc++";
				CLANG_ENABLE_MODULES = YES;
				CLANG_ENABLE_OBJC_ARC = YES;
				CLANG_ENABLE_OBJC_WEAK = YES;
				CLANG_WARN_BLOCK_CAPTURE_AUTORELEASING = YES;
				CLANG_WARN_BOOL_CONVERSION = YES;
				CLANG_WARN_COMMA = YES;
				CLANG_WARN_CONSTANT_CONVERSION = YES;
				CLANG_WARN_DEPRECATED_OBJC_IMPLEMENTATIONS = YES;
				CLANG_WARN_DIRECT_OBJC_ISA_USAGE = YES_ERROR;
				CLANG_WARN_DOCUMENTATION_COMMENTS = YES;
				CLANG_WARN_EMPTY_BODY = YES;
				CLANG_WARN_ENUM_CONVERSION = YES;
				CLANG_WARN_INFINITE_RECURSION = YES;
				CLANG_WARN_INT_CONVERSION = YES;
				CLANG_WARN_NON_LITERAL_NULL_CONVERSION = YES;
				CLANG_WARN_OBJC_IMPLICIT_RETAIN_SELF = YES;
				CLANG_WARN_OBJC_LITERAL_CONVERSION = YES;
				CLANG_WARN_OBJC_ROOT_CLASS = YES_ERROR;
				CLANG_WARN_RANGE_LOOP_ANALYSIS = YES;
				CLANG_WARN_STRICT_PROTOTYPES = YES;
				CLANG_WARN_SUSPICIOUS_MOVE = YES;
				CLANG_WARN_UNGUARDED_AVAILABILITY = YES_AGGRESSIVE;
				CLANG_WARN_UNREACHABLE_CODE = YES;
				CLANG_WARN__DUPLICATE_METHOD_MATCH = YES;
				CODE_SIGN_IDENTITY = "iPhone Developer";
				COPY_PHASE_STRIP = NO;
				DEBUG_INFORMATION_FORMAT = "dwarf-with-dsym";
				ENABLE_NS_ASSERTIONS = NO;
				ENABLE_STRICT_OBJC_MSGSEND = YES;
				GCC_C_LANGUAGE_STANDARD = gnu11;
				GCC_NO_COMMON_BLOCKS = YES;
				GCC_WARN_64_TO_32_BIT_CONVERSION = YES;
				GCC_WARN_ABOUT_RETURN_TYPE = YES_ERROR;
				GCC_WARN_UNDECLARED_SELECTOR = YES;
				GCC_WARN_UNINITIALIZED_AUTOS = YES_AGGRESSIVE;
				GCC_WARN_UNUSED_FUNCTION = YES;
				GCC_WARN_UNUSED_VARIABLE = YES;
				IPHONEOS_DEPLOYMENT_TARGET = 12.4;
				MTL_ENABLE_DEBUG_INFO = NO;
				MTL_FAST_MATH = YES;
				SDKROOT = iphoneos;
				SWIFT_COMPILATION_MODE = wholemodule;
				SWIFT_OPTIMIZATION_LEVEL = "-O";
				VALIDATE_PRODUCT = YES;
			};
			name = Release;
		};
		C4B9A69822F9F547004B8693 /* Debug */ = {
			isa = XCBuildConfiguration;
			buildSettings = {
				ASSETCATALOG_COMPILER_APPICON_NAME = AppIcon;
				CODE_SIGN_STYLE = Automatic;
				DEVELOPMENT_TEAM = BBH9KT4Q68;
				INFOPLIST_FILE = MovieDatabase/Info.plist;
				LD_RUNPATH_SEARCH_PATHS = (
					"$(inherited)",
					"@executable_path/Frameworks",
				);
				PRODUCT_BUNDLE_IDENTIFIER = com.MovieDatabase;
				PRODUCT_NAME = "$(TARGET_NAME)";
				SWIFT_VERSION = 5.0;
				TARGETED_DEVICE_FAMILY = "1,2";
			};
			name = Debug;
		};
		C4B9A69922F9F547004B8693 /* Release */ = {
			isa = XCBuildConfiguration;
			buildSettings = {
				ASSETCATALOG_COMPILER_APPICON_NAME = AppIcon;
				CODE_SIGN_STYLE = Automatic;
				DEVELOPMENT_TEAM = BBH9KT4Q68;
				INFOPLIST_FILE = MovieDatabase/Info.plist;
				LD_RUNPATH_SEARCH_PATHS = (
					"$(inherited)",
					"@executable_path/Frameworks",
				);
				PRODUCT_BUNDLE_IDENTIFIER = com.MovieDatabase;
				PRODUCT_NAME = "$(TARGET_NAME)";
				SWIFT_VERSION = 5.0;
				TARGETED_DEVICE_FAMILY = "1,2";
			};
			name = Release;
		};
		C4B9A69B22F9F547004B8693 /* Debug */ = {
			isa = XCBuildConfiguration;
			buildSettings = {
				ALWAYS_EMBED_SWIFT_STANDARD_LIBRARIES = YES;
				BUNDLE_LOADER = "$(TEST_HOST)";
				CODE_SIGN_STYLE = Automatic;
				DEVELOPMENT_TEAM = BBH9KT4Q68;
				INFOPLIST_FILE = MovieDatabaseTests/Info.plist;
				LD_RUNPATH_SEARCH_PATHS = (
					"$(inherited)",
					"@executable_path/Frameworks",
					"@loader_path/Frameworks",
				);
				PRODUCT_BUNDLE_IDENTIFIER = com.MovieDatabaseTests;
				PRODUCT_NAME = "$(TARGET_NAME)";
				SWIFT_VERSION = 5.0;
				TARGETED_DEVICE_FAMILY = "1,2";
				TEST_HOST = "$(BUILT_PRODUCTS_DIR)/MovieDatabase.app/MovieDatabase";
			};
			name = Debug;
		};
		C4B9A69C22F9F547004B8693 /* Release */ = {
			isa = XCBuildConfiguration;
			buildSettings = {
				ALWAYS_EMBED_SWIFT_STANDARD_LIBRARIES = YES;
				BUNDLE_LOADER = "$(TEST_HOST)";
				CODE_SIGN_STYLE = Automatic;
				DEVELOPMENT_TEAM = BBH9KT4Q68;
				INFOPLIST_FILE = MovieDatabaseTests/Info.plist;
				LD_RUNPATH_SEARCH_PATHS = (
					"$(inherited)",
					"@executable_path/Frameworks",
					"@loader_path/Frameworks",
				);
				PRODUCT_BUNDLE_IDENTIFIER = com.MovieDatabaseTests;
				PRODUCT_NAME = "$(TARGET_NAME)";
				SWIFT_VERSION = 5.0;
				TARGETED_DEVICE_FAMILY = "1,2";
				TEST_HOST = "$(BUILT_PRODUCTS_DIR)/MovieDatabase.app/MovieDatabase";
			};
			name = Release;
		};
/* End XCBuildConfiguration section */

/* Begin XCConfigurationList section */
		C4B9A67522F9F545004B8693 /* Build configuration list for PBXProject "MovieDatabase" */ = {
			isa = XCConfigurationList;
			buildConfigurations = (
				C4B9A69522F9F547004B8693 /* Debug */,
				C4B9A69622F9F547004B8693 /* Release */,
			);
			defaultConfigurationIsVisible = 0;
			defaultConfigurationName = Release;
		};
		C4B9A69722F9F547004B8693 /* Build configuration list for PBXNativeTarget "MovieDatabase" */ = {
			isa = XCConfigurationList;
			buildConfigurations = (
				C4B9A69822F9F547004B8693 /* Debug */,
				C4B9A69922F9F547004B8693 /* Release */,
			);
			defaultConfigurationIsVisible = 0;
			defaultConfigurationName = Release;
		};
		C4B9A69A22F9F547004B8693 /* Build configuration list for PBXNativeTarget "MovieDatabaseTests" */ = {
			isa = XCConfigurationList;
			buildConfigurations = (
				C4B9A69B22F9F547004B8693 /* Debug */,
				C4B9A69C22F9F547004B8693 /* Release */,
			);
			defaultConfigurationIsVisible = 0;
			defaultConfigurationName = Release;
		};
/* End XCConfigurationList section */
	};
	rootObject = C4B9A67222F9F545004B8693 /* Project object */;
}
